
Microsoft Visual Studio Solution File, Format Version 12.00
# Visual Studio Version 16
VisualStudioVersion = 16.0.0.0
MinimumVisualStudioVersion = 16.0.0.0
Project("{2150E333-8FDC-42A3-9474-1A3956D46DE8}") = "Common", "Common", "{D5711941-9839-44DF-88D7-FCEA5C0B357A}"
	ProjectSection(SolutionItems) = preProject
		..\.editorconfig = ..\.editorconfig
		..\.gitattributes = ..\.gitattributes
		..\.gitignore = ..\.gitignore
		appveyor.yml = appveyor.yml
		Directory.Build.props = Directory.Build.props
		HarinezumiSama.Benchmarks.sln.DotSettings = HarinezumiSama.Benchmarks.sln.DotSettings
		README.md = README.md
		run.cmd = run.cmd
		run.ps1 = run.ps1
	EndProjectSection
EndProject
Project("{9A19103F-16F7-4668-BE54-9A1E7A4F7556}") = "HarinezumiSama.Benchmarks.Executor", "HarinezumiSama.Benchmarks.Executor\HarinezumiSama.Benchmarks.Executor.csproj", "{AD286E24-268D-47DE-9148-9302BD849C10}"
EndProject
Project("{9A19103F-16F7-4668-BE54-9A1E7A4F7556}") = "HarinezumiSama.Benchmarks.StringFormatting", "HarinezumiSama.Benchmarks.StringFormatting\HarinezumiSama.Benchmarks.StringFormatting.csproj", "{1BB1254E-260B-40BC-AF75-026677995672}"
EndProject
Project("{FAE04EC0-301F-11D3-BF4B-00C04F79EFBC}") = "HarinezumiSama.Benchmarks.StringFormatting.Tests", "HarinezumiSama.Benchmarks.StringFormatting.Tests\HarinezumiSama.Benchmarks.StringFormatting.Tests.csproj", "{559A899C-078E-46B2-B3DB-D5EA382BE99F}"
EndProject
Global
	GlobalSection(SolutionConfigurationPlatforms) = preSolution
		Release|Any CPU = Release|Any CPU
	EndGlobalSection
	GlobalSection(ProjectConfigurationPlatforms) = postSolution
		{AD286E24-268D-47DE-9148-9302BD849C10}.Release|Any CPU.ActiveCfg = Release|Any CPU
		{AD286E24-268D-47DE-9148-9302BD849C10}.Release|Any CPU.Build.0 = Release|Any CPU
		{1BB1254E-260B-40BC-AF75-026677995672}.Release|Any CPU.ActiveCfg = Release|Any CPU
		{1BB1254E-260B-40BC-AF75-026677995672}.Release|Any CPU.Build.0 = Release|Any CPU
		{559A899C-078E-46B2-B3DB-D5EA382BE99F}.Release|Any CPU.ActiveCfg = Release|Any CPU
		{559A899C-078E-46B2-B3DB-D5EA382BE99F}.Release|Any CPU.Build.0 = Release|Any CPU
	EndGlobalSection
	GlobalSection(SolutionProperties) = preSolution
		HideSolutionNode = FALSE
	EndGlobalSection
	GlobalSection(ExtensibilityGlobals) = postSolution
		SolutionGuid = {B6ACB78A-07CE-4CD8-993E-CC22C5E24CB7}
	EndGlobalSection
EndGlobal
